// !$*UTF8*$!
{
	archiveVersion = 1;
	classes = {
	};
	objectVersion = 46;
	objects = {

/* Begin PBXBuildFile section */
		ACE758BA1EA0049C00ADA290 /* AppDelegate.swift in Sources */ = {isa = PBXBuildFile; fileRef = ACE758B91EA0049C00ADA290 /* AppDelegate.swift */; };
		ACE758BC1EA0049C00ADA290 /* ViewController.swift in Sources */ = {isa = PBXBuildFile; fileRef = ACE758BB1EA0049C00ADA290 /* ViewController.swift */; };
		ACE758BF1EA0049C00ADA290 /* Main.storyboard in Resources */ = {isa = PBXBuildFile; fileRef = ACE758BD1EA0049C00ADA290 /* Main.storyboard */; };
		ACE758C11EA0049C00ADA290 /* Assets.xcassets in Resources */ = {isa = PBXBuildFile; fileRef = ACE758C01EA0049C00ADA290 /* Assets.xcassets */; };
		ACE758C41EA0049C00ADA290 /* LaunchScreen.storyboard in Resources */ = {isa = PBXBuildFile; fileRef = ACE758C21EA0049C00ADA290 /* LaunchScreen.storyboard */; };
		ACE758CE1EA00B1600ADA290 /* Solitaire.swift in Sources */ = {isa = PBXBuildFile; fileRef = ACE758CD1EA00B1600ADA290 /* Solitaire.swift */; };
		ACE758D01EA00CBB00ADA290 /* SolitaireView.swift in Sources */ = {isa = PBXBuildFile; fileRef = ACE758CF1EA00CBB00ADA290 /* SolitaireView.swift */; };
		ACE758D21EA00F2800ADA290 /* 150 in Resources */ = {isa = PBXBuildFile; fileRef = ACE758D11EA00F2800ADA290 /* 150 */; };
/* End PBXBuildFile section */

/* Begin PBXFileReference section */
		ACE758B61EA0049C00ADA290 /* Klondike_Solitaire.app */ = {isa = PBXFileReference; explicitFileType = wrapper.application; includeInIndex = 0; path = Klondike_Solitaire.app; sourceTree = BUILT_PRODUCTS_DIR; };
		ACE758B91EA0049C00ADA290 /* AppDelegate.swift */ = {isa = PBXFileReference; lastKnownFileType = sourcecode.swift; path = AppDelegate.swift; sourceTree = "<group>"; };
		ACE758BB1EA0049C00ADA290 /* ViewController.swift */ = {isa = PBXFileReference; lastKnownFileType = sourcecode.swift; path = ViewController.swift; sourceTree = "<group>"; };
		ACE758BE1EA0049C00ADA290 /* Base */ = {isa = PBXFileReference; lastKnownFileType = file.storyboard; name = Base; path = Base.lproj/Main.storyboard; sourceTree = "<group>"; };
		ACE758C01EA0049C00ADA290 /* Assets.xcassets */ = {isa = PBXFileReference; lastKnownFileType = folder.assetcatalog; path = Assets.xcassets; sourceTree = "<group>"; };
		ACE758C31EA0049C00ADA290 /* Base */ = {isa = PBXFileReference; lastKnownFileType = file.storyboard; name = Base; path = Base.lproj/LaunchScreen.storyboard; sourceTree = "<group>"; };
		ACE758C51EA0049C00ADA290 /* Info.plist */ = {isa = PBXFileReference; lastKnownFileType = text.plist.xml; path = Info.plist; sourceTree = "<group>"; };
		ACE758CD1EA00B1600ADA290 /* Solitaire.swift */ = {isa = PBXFileReference; fileEncoding = 4; lastKnownFileType = sourcecode.swift; path = Solitaire.swift; sourceTree = "<group>"; };
		ACE758CF1EA00CBB00ADA290 /* SolitaireView.swift */ = {isa = PBXFileReference; fileEncoding = 4; lastKnownFileType = sourcecode.swift; path = SolitaireView.swift; sourceTree = "<group>"; };
		ACE758D11EA00F2800ADA290 /* 150 */ = {isa = PBXFileReference; lastKnownFileType = folder; path = 150; sourceTree = "<group>"; };
/* End PBXFileReference section */

/* Begin PBXFrameworksBuildPhase section */
		ACE758B31EA0049C00ADA290 /* Frameworks */ = {
			isa = PBXFrameworksBuildPhase;
			buildActionMask = 2147483647;
			files = (
			);
			runOnlyForDeploymentPostprocessing = 0;
		};
/* End PBXFrameworksBuildPhase section */

/* Begin PBXGroup section */
		ACE758AD1EA0049C00ADA290 = {
			isa = PBXGroup;
			children = (
				ACE758B81EA0049C00ADA290 /* Klondike_Solitaire */,
				ACE758B71EA0049C00ADA290 /* Products */,
			);
			sourceTree = "<group>";
		};
		ACE758B71EA0049C00ADA290 /* Products */ = {
			isa = PBXGroup;
			children = (
				ACE758B61EA0049C00ADA290 /* Klondike_Solitaire.app */,
			);
			name = Products;
			sourceTree = "<group>";
		};
		ACE758B81EA0049C00ADA290 /* Klondike_Solitaire */ = {
			isa = PBXGroup;
			children = (
				ACE758B91EA0049C00ADA290 /* AppDelegate.swift */,
				ACE758BB1EA0049C00ADA290 /* ViewController.swift */,
				ACE758CD1EA00B1600ADA290 /* Solitaire.swift */,
				ACE758CF1EA00CBB00ADA290 /* SolitaireView.swift */,
				ACE758BD1EA0049C00ADA290 /* Main.storyboard */,
				ACE758C01EA0049C00ADA290 /* Assets.xcassets */,
				ACE758C21EA0049C00ADA290 /* LaunchScreen.storyboard */,
				ACE758C51EA0049C00ADA290 /* Info.plist */,
				ACE758D11EA00F2800ADA290 /* 150 */,
			);
			path = Klondike_Solitaire;
			sourceTree = "<group>";
		};
/* End PBXGroup section */

/* Begin PBXNativeTarget section */
		ACE758B51EA0049C00ADA290 /* Klondike_Solitaire */ = {
			isa = PBXNativeTarget;
			buildConfigurationList = ACE758C81EA0049C00ADA290 /* Build configuration list for PBXNativeTarget "Klondike_Solitaire" */;
			buildPhases = (
				ACE758B21EA0049C00ADA290 /* Sources */,
				ACE758B31EA0049C00ADA290 /* Frameworks */,
				ACE758B41EA0049C00ADA290 /* Resources */,
			);
			buildRules = (
			);
			dependencies = (
			);
			name = Klondike_Solitaire;
			productName = Klondike_Solitaire;
			productReference = ACE758B61EA0049C00ADA290 /* Klondike_Solitaire.app */;
			productType = "com.apple.product-type.application";
		};
/* End PBXNativeTarget section */

/* Begin PBXProject section */
		ACE758AE1EA0049C00ADA290 /* Project object */ = {
			isa = PBXProject;
			attributes = {
				LastSwiftUpdateCheck = 0820;
				LastUpgradeCheck = 0820;
				ORGANIZATIONNAME = "Stephen Paul Brown";
				TargetAttributes = {
					ACE758B51EA0049C00ADA290 = {
						CreatedOnToolsVersion = 8.2.1;
						ProvisioningStyle = Automatic;
					};
				};
			};
			buildConfigurationList = ACE758B11EA0049C00ADA290 /* Build configuration list for PBXProject "Klondike_Solitaire" */;
			compatibilityVersion = "Xcode 3.2";
			developmentRegion = English;
			hasScannedForEncodings = 0;
			knownRegions = (
				en,
				Base,
			);
			mainGroup = ACE758AD1EA0049C00ADA290;
			productRefGroup = ACE758B71EA0049C00ADA290 /* Products */;
			projectDirPath = "";
			projectRoot = "";
			targets = (
				ACE758B51EA0049C00ADA290 /* Klondike_Solitaire */,
			);
		};
/* End PBXProject section */

/* Begin PBXResourcesBuildPhase section */
		ACE758B41EA0049C00ADA290 /* Resources */ = {
			isa = PBXResourcesBuildPhase;
			buildActionMask = 2147483647;
			files = (
				ACE758C41EA0049C00ADA290 /* LaunchScreen.storyboard in Resources */,
				ACE758D21EA00F2800ADA290 /* 150 in Resources */,
				ACE758C11EA0049C00ADA290 /* Assets.xcassets in Resources */,
				ACE758BF1EA0049C00ADA290 /* Main.storyboard in Resources */,
			);
			runOnlyForDeploymentPostprocessing = 0;
		};
/* End PBXResourcesBuildPhase section */

/* Begin PBXSourcesBuildPhase section */
		ACE758B21EA0049C00ADA290 /* Sources */ = {
			isa = PBXSourcesBuildPhase;
			buildActionMask = 2147483647;
			files = (
				ACE758BC1EA0049C00ADA290 /* ViewController.swift in Sources */,
				ACE758D01EA00CBB00ADA290 /* SolitaireView.swift in Sources */,
				ACE758CE1EA00B1600ADA290 /* Solitaire.swift in Sources */,
				ACE758BA1EA0049C00ADA290 /* AppDelegate.swift in Sources */,
			);
			runOnlyForDeploymentPostprocessing = 0;
		};
/* End PBXSourcesBuildPhase section */

/* Begin PBXVariantGroup section */
		ACE758BD1EA0049C00ADA290 /* Main.storyboard */ = {
			isa = PBXVariantGroup;
			children = (
				ACE758BE1EA0049C00ADA290 /* Base */,
			);
			name = Main.storyboard;
			sourceTree = "<group>";
		};
		ACE758C21EA0049C00ADA290 /* LaunchScreen.storyboard */ = {
			isa = PBXVariantGroup;
			children = (
				ACE758C31EA0049C00ADA290 /* Base */,
			);
			name = LaunchScreen.storyboard;
			sourceTree = "<group>";
		};
/* End PBXVariantGroup section */

/* Begin XCBuildConfiguration section */
		ACE758C61EA0049C00ADA290 /* Debug */ = {
			isa = XCBuildConfiguration;
			buildSettings = {
				ALWAYS_SEARCH_USER_PATHS = NO;
				CLANG_ANALYZER_NONNULL = YES;
				CLANG_CXX_LANGUAGE_STANDARD = "gnu++0x";
				CLANG_CXX_LIBRARY = "libc++";
				CLANG_ENABLE_MODULES = YES;
				CLANG_ENABLE_OBJC_ARC = YES;
				CLANG_WARN_BOOL_CONVERSION = YES;
				CLANG_WARN_CONSTANT_CONVERSION = YES;
				CLANG_WARN_DIRECT_OBJC_ISA_USAGE = YES_ERROR;
				CLANG_WARN_DOCUMENTATION_COMMENTS = YES;
				CLANG_WARN_EMPTY_BODY = YES;
				CLANG_WARN_ENUM_CONVERSION = YES;
				CLANG_WARN_INFINITE_RECURSION = YES;
				CLANG_WARN_INT_CONVERSION = YES;
				CLANG_WARN_OBJC_ROOT_CLASS = YES_ERROR;
				CLANG_WARN_SUSPICIOUS_MOVE = YES;
				CLANG_WARN_UNREACHABLE_CODE = YES;
				CLANG_WARN__DUPLICATE_METHOD_MATCH = YES;
				"CODE_SIGN_IDENTITY[sdk=iphoneos*]" = "iPhone Developer";
				COPY_PHASE_STRIP = NO;
				DEBUG_INFORMATION_FORMAT = dwarf;
				ENABLE_STRICT_OBJC_MSGSEND = YES;
				ENABLE_TESTABILITY = YES;
				GCC_C_LANGUAGE_STANDARD = gnu99;
				GCC_DYNAMIC_NO_PIC = NO;
				GCC_NO_COMMON_BLOCKS = YES;
				GCC_OPTIMIZATION_LEVEL = 0;
				GCC_PREPROCESSOR_DEFINITIONS = (
					"DEBUG=1",
					"$(inherited)",
				);
				GCC_WARN_64_TO_32_BIT_CONVERSION = YES;
				GCC_WARN_ABOUT_RETURN_TYPE = YES_ERROR;
				GCC_WARN_UNDECLARED_SELECTOR = YES;
				GCC_WARN_UNINITIALIZED_AUTOS = YES_AGGRESSIVE;
				GCC_WARN_UNUSED_FUNCTION = YES;
				GCC_WARN_UNUSED_VARIABLE = YES;
				IPHONEOS_DEPLOYMENT_TARGET = 10.2;
				MTL_ENABLE_DEBUG_INFO = YES;
				ONLY_ACTIVE_ARCH = YES;
				SDKROOT = iphoneos;
				SWIFT_ACTIVE_COMPILATION_CONDITIONS = DEBUG;
				SWIFT_OPTIMIZATION_LEVEL = "-Onone";
				TARGETED_DEVICE_FAMILY = "1,2";
			};
			name = Debug;
		};
		ACE758C71EA0049C00ADA290 /* Release */ = {
			isa = XCBuildConfiguration;
			buildSettings = {
				ALWAYS_SEARCH_USER_PATHS = NO;
				CLANG_ANALYZER_NONNULL = YES;
				CLANG_CXX_LANGUAGE_STANDARD = "gnu++0x";
				CLANG_CXX_LIBRARY = "libc++";
				CLANG_ENABLE_MODULES = YES;
				CLANG_ENABLE_OBJC_ARC = YES;
				CLANG_WARN_BOOL_CONVERSION = YES;
				CLANG_WARN_CONSTANT_CONVERSION = YES;
				CLANG_WARN_DIRECT_OBJC_ISA_USAGE = YES_ERROR;
				CLANG_WARN_DOCUMENTATION_COMMENTS = YES;
				CLANG_WARN_EMPTY_BODY = YES;
				CLANG_WARN_ENUM_CONVERSION = YES;
				CLANG_WARN_INFINITE_RECURSION = YES;
				CLANG_WARN_INT_CONVERSION = YES;
				CLANG_WARN_OBJC_ROOT_CLASS = YES_ERROR;
				CLANG_WARN_SUSPICIOUS_MOVE = YES;
				CLANG_WARN_UNREACHABLE_CODE = YES;
				CLANG_WARN__DUPLICATE_METHOD_MATCH = YES;
				"CODE_SIGN_IDENTITY[sdk=iphoneos*]" = "iPhone Developer";
				COPY_PHASE_STRIP = NO;
				DEBUG_INFORMATION_FORMAT = "dwarf-with-dsym";
				ENABLE_NS_ASSERTIONS = NO;
				ENABLE_STRICT_OBJC_MSGSEND = YES;
				GCC_C_LANGUAGE_STANDARD = gnu99;
				GCC_NO_COMMON_BLOCKS = YES;
				GCC_WARN_64_TO_32_BIT_CONVERSION = YES;
				GCC_WARN_ABOUT_RETURN_TYPE = YES_ERROR;
				GCC_WARN_UNDECLARED_SELECTOR = YES;
				GCC_WARN_UNINITIALIZED_AUTOS = YES_AGGRESSIVE;
				GCC_WARN_UNUSED_FUNCTION = YES;
				GCC_WARN_UNUSED_VARIABLE = YES;
				IPHONEOS_DEPLOYMENT_TARGET = 10.2;
				MTL_ENABLE_DEBUG_INFO = NO;
				SDKROOT = iphoneos;
				SWIFT_OPTIMIZATION_LEVEL = "-Owholemodule";
				TARGETED_DEVICE_FAMILY = "1,2";
				VALIDATE_PRODUCT = YES;
			};
			name = Release;
		};
		ACE758C91EA0049C00ADA290 /* Debug */ = {
			isa = XCBuildConfiguration;
			buildSettings = {
				ASSETCATALOG_COMPILER_APPICON_NAME = AppIcon;
				INFOPLIST_FILE = Klondike_Solitaire/Info.plist;
				LD_RUNPATH_SEARCH_PATHS = "$(inherited) @executable_path/Frameworks";
				PRODUCT_BUNDLE_IDENTIFIER = "edu.wsu.vancouver.Klondike-Solitaire";
				PRODUCT_NAME = "$(TARGET_NAME)";
				SWIFT_VERSION = 3.0;
			};
			name = Debug;
		};
		ACE758CA1EA0049C00ADA290 /* Release */ = {
			isa = XCBuildConfiguration;
			buildSettings = {
				ASSETCATALOG_COMPILER_APPICON_NAME = AppIcon;
				INFOPLIST_FILE = Klondike_Solitaire/Info.plist;
				LD_RUNPATH_SEARCH_PATHS = "$(inherited) @executable_path/Frameworks";
				PRODUCT_BUNDLE_IDENTIFIER = "edu.wsu.vancouver.Klondike-Solitaire";
				PRODUCT_NAME = "$(TARGET_NAME)";
				SWIFT_VERSION = 3.0;
			};
			name = Release;
		};
/* End XCBuildConfiguration section */

/* Begin XCConfigurationList section */
		ACE758B11EA0049C00ADA290 /* Build configuration list for PBXProject "Klondike_Solitaire" */ = {
			isa = XCConfigurationList;
			buildConfigurations = (
				ACE758C61EA0049C00ADA290 /* Debug */,
				ACE758C71EA0049C00ADA290 /* Release */,
			);
			defaultConfigurationIsVisible = 0;
			defaultConfigurationName = Release;
		};
		ACE758C81EA0049C00ADA290 /* Build configuration list for PBXNativeTarget "Klondike_Solitaire" */ = {
			isa = XCConfigurationList;
			buildConfigurations = (
				ACE758C91EA0049C00ADA290 /* Debug */,
				ACE758CA1EA0049C00ADA290 /* Release */,
			);
			defaultConfigurationIsVisible = 0;
		};
/* End XCConfigurationList section */
	};
	rootObject = ACE758AE1EA0049C00ADA290 /* Project object */;
}
